
Microsoft Visual Studio Solution File, Format Version 12.00
# Visual Studio 15
VisualStudioVersion = 15.0.28307.902
MinimumVisualStudioVersion = 10.0.40219.1
Project("{FAE04EC0-301F-11D3-BF4B-00C04F79EFBC}") = "E-prov--Contraband", "E-prov--Contraband\E-prov--Contraband.csproj", "{AF24C69A-8D48-4856-BB43-7C70DB1DA9C9}"
EndProject
Global
	GlobalSection(SolutionConfigurationPlatforms) = preSolution
		Debug|Any CPU = Debug|Any CPU
		Release|Any CPU = Release|Any CPU
	EndGlobalSection
	GlobalSection(ProjectConfigurationPlatforms) = postSolution
		{AF24C69A-8D48-4856-BB43-7C70DB1DA9C9}.Debug|Any CPU.ActiveCfg = Debug|Any CPU
		{AF24C69A-8D48-4856-BB43-7C70DB1DA9C9}.Debug|Any CPU.Build.0 = Debug|Any CPU
		{AF24C69A-8D48-4856-BB43-7C70DB1DA9C9}.Release|Any CPU.ActiveCfg = Release|Any CPU
		{AF24C69A-8D48-4856-BB43-7C70DB1DA9C9}.Release|Any CPU.Build.0 = Release|Any CPU
	EndGlobalSection
	GlobalSection(SolutionProperties) = preSolution
		HideSolutionNode = FALSE
	EndGlobalSection
	GlobalSection(ExtensibilityGlobals) = postSolution
		SolutionGuid = {85D161C3-CB0E-40A5-8DCF-8EAE7001A988}
	EndGlobalSection
EndGlobal
